
Microsoft Visual Studio Solution File, Format Version 12.00
# Visual Studio 15
Project("{FAE04EC0-301F-11D3-BF4B-00C04F79EFBC}") = "CircularButton.Android", "CircularButton.Android\CircularButton.Android.csproj", "{C3ADFA93-0FBA-4588-A8C9-671E38399D0F}"
EndProject
Project("{FAE04EC0-301F-11D3-BF4B-00C04F79EFBC}") = "CircularButton.iOS", "CircularButton.iOS\CircularButton.iOS.csproj", "{7C90C1F2-B80D-44B1-BAA4-E41F65806694}"
EndProject
Project("{FAE04EC0-301F-11D3-BF4B-00C04F79EFBC}") = "CircularButton", "CircularButton\CircularButton.csproj", "{56FF5451-E6E6-45AC-82E1-1425BCEB2E64}"
EndProject
Global
	GlobalSection(SolutionConfigurationPlatforms) = preSolution
		Debug|Any CPU = Debug|Any CPU
		Release|Any CPU = Release|Any CPU
		Debug|iPhoneSimulator = Debug|iPhoneSimulator
		Release|iPhoneSimulator = Release|iPhoneSimulator
		Debug|iPhone = Debug|iPhone
		Release|iPhone = Release|iPhone
		Ad-Hoc|iPhone = Ad-Hoc|iPhone
		AppStore|iPhone = AppStore|iPhone
	EndGlobalSection
	GlobalSection(ProjectConfigurationPlatforms) = postSolution
		{C3ADFA93-0FBA-4588-A8C9-671E38399D0F}.Debug|Any CPU.ActiveCfg = Debug|Any CPU
		{C3ADFA93-0FBA-4588-A8C9-671E38399D0F}.Debug|Any CPU.Build.0 = Debug|Any CPU
		{C3ADFA93-0FBA-4588-A8C9-671E38399D0F}.Release|Any CPU.ActiveCfg = Release|Any CPU
		{C3ADFA93-0FBA-4588-A8C9-671E38399D0F}.Release|Any CPU.Build.0 = Release|Any CPU
		{C3ADFA93-0FBA-4588-A8C9-671E38399D0F}.Debug|iPhoneSimulator.ActiveCfg = Debug|Any CPU
		{C3ADFA93-0FBA-4588-A8C9-671E38399D0F}.Debug|iPhoneSimulator.Build.0 = Debug|Any CPU
		{C3ADFA93-0FBA-4588-A8C9-671E38399D0F}.Release|iPhoneSimulator.ActiveCfg = Release|Any CPU
		{C3ADFA93-0FBA-4588-A8C9-671E38399D0F}.Release|iPhoneSimulator.Build.0 = Release|Any CPU
		{C3ADFA93-0FBA-4588-A8C9-671E38399D0F}.Debug|iPhone.ActiveCfg = Debug|Any CPU
		{C3ADFA93-0FBA-4588-A8C9-671E38399D0F}.Debug|iPhone.Build.0 = Debug|Any CPU
		{C3ADFA93-0FBA-4588-A8C9-671E38399D0F}.Release|iPhone.ActiveCfg = Release|Any CPU
		{C3ADFA93-0FBA-4588-A8C9-671E38399D0F}.Release|iPhone.Build.0 = Release|Any CPU
		{C3ADFA93-0FBA-4588-A8C9-671E38399D0F}.Ad-Hoc|iPhone.ActiveCfg = Debug|Any CPU
		{C3ADFA93-0FBA-4588-A8C9-671E38399D0F}.Ad-Hoc|iPhone.Build.0 = Debug|Any CPU
		{C3ADFA93-0FBA-4588-A8C9-671E38399D0F}.AppStore|iPhone.ActiveCfg = Debug|Any CPU
		{C3ADFA93-0FBA-4588-A8C9-671E38399D0F}.AppStore|iPhone.Build.0 = Debug|Any CPU
		{7C90C1F2-B80D-44B1-BAA4-E41F65806694}.Debug|Any CPU.ActiveCfg = Debug|iPhoneSimulator
		{7C90C1F2-B80D-44B1-BAA4-E41F65806694}.Debug|Any CPU.Build.0 = Debug|iPhoneSimulator
		{7C90C1F2-B80D-44B1-BAA4-E41F65806694}.Release|Any CPU.ActiveCfg = Release|iPhoneSimulator
		{7C90C1F2-B80D-44B1-BAA4-E41F65806694}.Release|Any CPU.Build.0 = Release|iPhoneSimulator
		{7C90C1F2-B80D-44B1-BAA4-E41F65806694}.Debug|iPhoneSimulator.ActiveCfg = Debug|iPhoneSimulator
		{7C90C1F2-B80D-44B1-BAA4-E41F65806694}.Debug|iPhoneSimulator.Build.0 = Debug|iPhoneSimulator
		{7C90C1F2-B80D-44B1-BAA4-E41F65806694}.Release|iPhoneSimulator.ActiveCfg = Release|iPhoneSimulator
		{7C90C1F2-B80D-44B1-BAA4-E41F65806694}.Release|iPhoneSimulator.Build.0 = Release|iPhoneSimulator
		{7C90C1F2-B80D-44B1-BAA4-E41F65806694}.Debug|iPhone.ActiveCfg = Debug|iPhone
		{7C90C1F2-B80D-44B1-BAA4-E41F65806694}.Debug|iPhone.Build.0 = Debug|iPhone
		{7C90C1F2-B80D-44B1-BAA4-E41F65806694}.Release|iPhone.ActiveCfg = Release|iPhone
		{7C90C1F2-B80D-44B1-BAA4-E41F65806694}.Release|iPhone.Build.0 = Release|iPhone
		{7C90C1F2-B80D-44B1-BAA4-E41F65806694}.Ad-Hoc|iPhone.ActiveCfg = Ad-Hoc|iPhone
		{7C90C1F2-B80D-44B1-BAA4-E41F65806694}.Ad-Hoc|iPhone.Build.0 = Ad-Hoc|iPhone
		{7C90C1F2-B80D-44B1-BAA4-E41F65806694}.AppStore|iPhone.ActiveCfg = AppStore|iPhone
		{7C90C1F2-B80D-44B1-BAA4-E41F65806694}.AppStore|iPhone.Build.0 = AppStore|iPhone
		{56FF5451-E6E6-45AC-82E1-1425BCEB2E64}.Debug|Any CPU.ActiveCfg = Debug|Any CPU
		{56FF5451-E6E6-45AC-82E1-1425BCEB2E64}.Debug|Any CPU.Build.0 = Debug|Any CPU
		{56FF5451-E6E6-45AC-82E1-1425BCEB2E64}.Release|Any CPU.ActiveCfg = Release|Any CPU
		{56FF5451-E6E6-45AC-82E1-1425BCEB2E64}.Release|Any CPU.Build.0 = Release|Any CPU
		{56FF5451-E6E6-45AC-82E1-1425BCEB2E64}.Debug|iPhoneSimulator.ActiveCfg = Debug|Any CPU
		{56FF5451-E6E6-45AC-82E1-1425BCEB2E64}.Debug|iPhoneSimulator.Build.0 = Debug|Any CPU
		{56FF5451-E6E6-45AC-82E1-1425BCEB2E64}.Release|iPhoneSimulator.ActiveCfg = Release|Any CPU
		{56FF5451-E6E6-45AC-82E1-1425BCEB2E64}.Release|iPhoneSimulator.Build.0 = Release|Any CPU
		{56FF5451-E6E6-45AC-82E1-1425BCEB2E64}.Debug|iPhone.ActiveCfg = Debug|Any CPU
		{56FF5451-E6E6-45AC-82E1-1425BCEB2E64}.Debug|iPhone.Build.0 = Debug|Any CPU
		{56FF5451-E6E6-45AC-82E1-1425BCEB2E64}.Release|iPhone.ActiveCfg = Release|Any CPU
		{56FF5451-E6E6-45AC-82E1-1425BCEB2E64}.Release|iPhone.Build.0 = Release|Any CPU
		{56FF5451-E6E6-45AC-82E1-1425BCEB2E64}.Ad-Hoc|iPhone.ActiveCfg = Debug|Any CPU
		{56FF5451-E6E6-45AC-82E1-1425BCEB2E64}.Ad-Hoc|iPhone.Build.0 = Debug|Any CPU
		{56FF5451-E6E6-45AC-82E1-1425BCEB2E64}.AppStore|iPhone.ActiveCfg = Debug|Any CPU
		{56FF5451-E6E6-45AC-82E1-1425BCEB2E64}.AppStore|iPhone.Build.0 = Debug|Any CPU
	EndGlobalSection
EndGlobal
